{
  "name": "inseegonew",
  "version": "1.0.0",
  "lockfileVersion": 1,
  "requires": true,
  "dependencies": {
    "angular": {
      "version": "1.7.5",
      "resolved": "https://registry.npmjs.org/angular/-/angular-1.7.5.tgz",
      "integrity": "sha512-760183yxtGzni740IBTieNuWLtPNAoMqvmC0Z62UoU0I3nqk+VJuO3JbQAXOyvo3Oy/ZsdNQwrSTh/B0OQZjNw=="
    },
    "angular-animate": {
      "version": "1.7.5",
      "resolved": "https://registry.npmjs.org/angular-animate/-/angular-animate-1.7.5.tgz",
      "integrity": "sha512-kU/fHIGf2a4a3bH7E1tzALTHk+QfoUSCK9fEcMFisd6ZWvNDwPzXWAilItqOC3EDiAXPmGHaNc9/aXiD9xrAxQ=="
    },
    "angular-aria": {
      "version": "1.7.5",
      "resolved": "https://registry.npmjs.org/angular-aria/-/angular-aria-1.7.5.tgz",
      "integrity": "sha512-X2dGRw+PK7hrV7/X1Ns4e5P3KC/OBFi1l7z//D/v7zbZObsAx48qBoX7unsck+s4+mnO+ikNNkHG5N49VfAyRw=="
    },
    "angular-material": {
      "version": "1.1.10",
      "resolved": "https://registry.npmjs.org/angular-material/-/angular-material-1.1.10.tgz",
      "integrity": "sha512-LfBt5a1AVPbtsFzbmAyyZj90Gtc1U94OGtfMEauGzwsfqTnbH/y/9dtndH84N9S65wXkBoBe3VG6kfyoQSeCVw=="
    },
    "angular-material-icons": {
      "version": "0.7.1",
      "resolved": "https://registry.npmjs.org/angular-material-icons/-/angular-material-icons-0.7.1.tgz",
      "integrity": "sha1-5eq0hTthwzH1j55+blS24dZeT5s=",
      "requires": {
        "angular": "1.7.5"
      }
    },
    "angular-sanitize": {
      "version": "1.5.11",
      "resolved": "https://registry.npmjs.org/angular-sanitize/-/angular-sanitize-1.5.11.tgz",
      "integrity": "sha1-6/s/ND5UP5su8FD7TC6e4EjRdy8="
    },
    "angular-smart-table": {
      "version": "2.1.11",
      "resolved": "https://registry.npmjs.org/angular-smart-table/-/angular-smart-table-2.1.11.tgz",
      "integrity": "sha512-8ZSGygQqVBkpPDzb0382ujK1eOr8fnePXpzq+sUBkUsvRaEgMeY6VoFpWmg106472mD6oMNXIW9+VDQKllXa0w=="
    },
    "cumulocity-ui-build": {
      "version": "http://resources.cumulocity.com/webapps/ui/9.12.5.tar.gz",
      "integrity": "sha512-Ts4Da/24uyxkpJ1vjORE6MoGq+X4MGkKLwbCUg68MywWv1Os6iY07G2pfxTgyU+XSDnXcM75cDj9zmABX35d2Q=="
    },
    "jquery": {
      "version": "2.1.4",
      "resolved": "https://registry.npmjs.org/jquery/-/jquery-2.1.4.tgz",
      "integrity": "sha1-IoveaYoMYUMdwmMKahVPFYkNIxc="
    },
    "lodash": {
      "version": "3.10.1",
      "resolved": "http://registry.npmjs.org/lodash/-/lodash-3.10.1.tgz",
      "integrity": "sha1-W/Rejkm6QYnhfUgnid/RW9FAt7Y="
    },
    "md-data-table": {
      "version": "2.2.0",
      "resolved": "https://registry.npmjs.org/md-data-table/-/md-data-table-2.2.0.tgz",
      "integrity": "sha1-9CVSnhAJS9uUv6VqMxqblKLlEvE=",
      "requires": {
        "angular": "1.5.11",
        "angular-animate": "1.5.11",
        "angular-aria": "1.5.11",
        "angular-material": "1.1.1",
        "angular-material-icons": "0.6.0",
        "angular-sanitize": "1.5.11",
        "jquery": "2.1.4",
        "lodash": "3.10.1"
      },
      "dependencies": {
        "angular": {
          "version": "1.5.11",
          "resolved": "https://registry.npmjs.org/angular/-/angular-1.5.11.tgz",
          "integrity": "sha1-jFunOG8VllyazzQp9ogVU6raMNY="
        },
        "angular-animate": {
          "version": "1.5.11",
          "resolved": "https://registry.npmjs.org/angular-animate/-/angular-animate-1.5.11.tgz",
          "integrity": "sha1-G6pDwwPRuTxOaqiUU7ORFLehxmk="
        },
        "angular-aria": {
          "version": "1.5.11",
          "resolved": "https://registry.npmjs.org/angular-aria/-/angular-aria-1.5.11.tgz",
          "integrity": "sha1-JpY6wzaJHO17GZ5Zr9fpsl5T1qY="
        },
        "angular-material": {
          "version": "1.1.1",
          "resolved": "https://registry.npmjs.org/angular-material/-/angular-material-1.1.1.tgz",
          "integrity": "sha1-7RLzlLpxqRidZkEVYk9nh6dDmvI="
        },
        "angular-material-icons": {
          "version": "0.6.0",
          "resolved": "https://registry.npmjs.org/angular-material-icons/-/angular-material-icons-0.6.0.tgz",
          "integrity": "sha1-bvKOrR7LeZk5N6xLW0iq7pB+G2M=",
          "requires": {
            "angular": "1.5.11"
          }
        }
      }
    }
  }
}
